
Microsoft Visual Studio Solution File, Format Version 12.00
# Visual Studio Version 16
VisualStudioVersion = 16.0.30503.244
MinimumVisualStudioVersion = 10.0.40219.1
Project("{9092AA53-FB77-4645-B42D-1CCCA6BD08BD}") = "Capstone", "Capstone.njsproj", "{D02A9531-D732-4110-9879-26EC5DC7D922}"
EndProject
Global
	GlobalSection(SolutionConfigurationPlatforms) = preSolution
		Debug|Any CPU = Debug|Any CPU
		Release|Any CPU = Release|Any CPU
	EndGlobalSection
	GlobalSection(ProjectConfigurationPlatforms) = postSolution
		{D02A9531-D732-4110-9879-26EC5DC7D922}.Debug|Any CPU.ActiveCfg = Debug|Any CPU
		{D02A9531-D732-4110-9879-26EC5DC7D922}.Debug|Any CPU.Build.0 = Debug|Any CPU
		{D02A9531-D732-4110-9879-26EC5DC7D922}.Release|Any CPU.ActiveCfg = Release|Any CPU
		{D02A9531-D732-4110-9879-26EC5DC7D922}.Release|Any CPU.Build.0 = Release|Any CPU
	EndGlobalSection
	GlobalSection(SolutionProperties) = preSolution
		HideSolutionNode = FALSE
	EndGlobalSection
	GlobalSection(ExtensibilityGlobals) = postSolution
		SolutionGuid = {DFAFF194-6B1E-4DF2-8DB7-8076F009402E}
	EndGlobalSection
EndGlobal
